{
  "name": "zenn.dev",
  "version": "1.0.0",
  "lockfileVersion": 2,
  "requires": true,
  "packages": {
    "": {
      "name": "zenn.dev",
      "version": "1.0.0",
      "license": "ISC",
      "devDependencies": {
        "install": "^0.13.0",
        "zenn-cli": "^0.2.3"
      }
    },
    "node_modules/install": {
      "version": "0.13.0",
      "resolved": "https://registry.npmjs.org/install/-/install-0.13.0.tgz",
      "integrity": "sha512-zDml/jzr2PKU9I8J/xyZBQn8rPCAY//UOYNmR01XwNwyfhEWObo2SWfSl1+0tm1u6PhxLwDnfsT/6jB7OUxqFA==",
      "dev": true,
      "engines": {
        "node": ">= 0.10"
      }
    },
    "node_modules/zenn-cli": {
      "version": "0.2.3",
      "resolved": "https://registry.npmjs.org/zenn-cli/-/zenn-cli-0.2.3.tgz",
      "integrity": "sha512-ghYpg2foOeFExvtWKDFSjCsq+utYf84jApw37Wli1MnSAE1la40GZ47kXQDQKeh/1LV2AT0LDMYWbmE64Z4ZSg==",
      "dev": true,
      "bin": {
        "zenn": "dist/server/zenn.js"
      },
      "engines": {
        "node": ">=14.0.0"
      }
    }
  },
  "dependencies": {
    "install": {
      "version": "0.13.0",
      "resolved": "https://registry.npmjs.org/install/-/install-0.13.0.tgz",
      "integrity": "sha512-zDml/jzr2PKU9I8J/xyZBQn8rPCAY//UOYNmR01XwNwyfhEWObo2SWfSl1+0tm1u6PhxLwDnfsT/6jB7OUxqFA==",
      "dev": true
    },
    "zenn-cli": {
      "version": "0.2.3",
      "resolved": "https://registry.npmjs.org/zenn-cli/-/zenn-cli-0.2.3.tgz",
      "integrity": "sha512-ghYpg2foOeFExvtWKDFSjCsq+utYf84jApw37Wli1MnSAE1la40GZ47kXQDQKeh/1LV2AT0LDMYWbmE64Z4ZSg==",
      "dev": true
    }
  }
}
